// !$*UTF8*$!
{
	archiveVersion = 1;
	classes = {
	};
	objectVersion = 77;
	objects = {

/* Begin PBXBuildFile section */
		33DBED9FC9CB7EB73CB6E911 /* Pods_Todoist_clon.framework in Frameworks */ = {isa = PBXBuildFile; fileRef = FF7D4E3D119855500310C7BF /* Pods_Todoist_clon.framework */; };
/* End PBXBuildFile section */

/* Begin PBXContainerItemProxy section */
		D3E88FDE2D60A50500E44996 /* PBXContainerItemProxy */ = {
			isa = PBXContainerItemProxy;
			containerPortal = D3E88FC52D60A50400E44996 /* Project object */;
			proxyType = 1;
			remoteGlobalIDString = D3E88FCC2D60A50400E44996;
			remoteInfo = Todoist_clon;
		};
		D3E88FE82D60A50500E44996 /* PBXContainerItemProxy */ = {
			isa = PBXContainerItemProxy;
			containerPortal = D3E88FC52D60A50400E44996 /* Project object */;
			proxyType = 1;
			remoteGlobalIDString = D3E88FCC2D60A50400E44996;
			remoteInfo = Todoist_clon;
		};
/* End PBXContainerItemProxy section */

/* Begin PBXFileReference section */
		322F8603D9F9F33EA33B2F78 /* Pods-Todoist_clon.debug.xcconfig */ = {isa = PBXFileReference; includeInIndex = 1; lastKnownFileType = text.xcconfig; name = "Pods-Todoist_clon.debug.xcconfig"; path = "Target Support Files/Pods-Todoist_clon/Pods-Todoist_clon.debug.xcconfig"; sourceTree = "<group>"; };
		5FB315710E2D93E8444BB61E /* Pods-Todoist_clon.release.xcconfig */ = {isa = PBXFileReference; includeInIndex = 1; lastKnownFileType = text.xcconfig; name = "Pods-Todoist_clon.release.xcconfig"; path = "Target Support Files/Pods-Todoist_clon/Pods-Todoist_clon.release.xcconfig"; sourceTree = "<group>"; };
		D3E88FCD2D60A50400E44996 /* Todoist_clon.app */ = {isa = PBXFileReference; explicitFileType = wrapper.application; includeInIndex = 0; path = Todoist_clon.app; sourceTree = BUILT_PRODUCTS_DIR; };
		D3E88FDD2D60A50500E44996 /* Todoist_clonTests.xctest */ = {isa = PBXFileReference; explicitFileType = wrapper.cfbundle; includeInIndex = 0; path = Todoist_clonTests.xctest; sourceTree = BUILT_PRODUCTS_DIR; };
		D3E88FE72D60A50500E44996 /* Todoist_clonUITests.xctest */ = {isa = PBXFileReference; explicitFileType = wrapper.cfbundle; includeInIndex = 0; path = Todoist_clonUITests.xctest; sourceTree = BUILT_PRODUCTS_DIR; };
		FF7D4E3D119855500310C7BF /* Pods_Todoist_clon.framework */ = {isa = PBXFileReference; explicitFileType = wrapper.framework; includeInIndex = 0; path = Pods_Todoist_clon.framework; sourceTree = BUILT_PRODUCTS_DIR; };
/* End PBXFileReference section */

/* Begin PBXFileSystemSynchronizedRootGroup section */
		D3E88FCF2D60A50400E44996 /* Todoist_clon */ = {
			isa = PBXFileSystemSynchronizedRootGroup;
			path = Todoist_clon;
			sourceTree = "<group>";
		};
		D3E88FE02D60A50500E44996 /* Todoist_clonTests */ = {
			isa = PBXFileSystemSynchronizedRootGroup;
			path = Todoist_clonTests;
			sourceTree = "<group>";
		};
		D3E88FEA2D60A50500E44996 /* Todoist_clonUITests */ = {
			isa = PBXFileSystemSynchronizedRootGroup;
			path = Todoist_clonUITests;
			sourceTree = "<group>";
		};
/* End PBXFileSystemSynchronizedRootGroup section */

/* Begin PBXFrameworksBuildPhase section */
		D3E88FCA2D60A50400E44996 /* Frameworks */ = {
			isa = PBXFrameworksBuildPhase;
			buildActionMask = 2147483647;
			files = (
				33DBED9FC9CB7EB73CB6E911 /* Pods_Todoist_clon.framework in Frameworks */,
			);
			runOnlyForDeploymentPostprocessing = 0;
		};
		D3E88FDA2D60A50500E44996 /* Frameworks */ = {
			isa = PBXFrameworksBuildPhase;
			buildActionMask = 2147483647;
			files = (
			);
			runOnlyForDeploymentPostprocessing = 0;
		};
		D3E88FE42D60A50500E44996 /* Frameworks */ = {
			isa = PBXFrameworksBuildPhase;
			buildActionMask = 2147483647;
			files = (
			);
			runOnlyForDeploymentPostprocessing = 0;
		};
/* End PBXFrameworksBuildPhase section */

/* Begin PBXGroup section */
		91C32CB9A57FAE082FD1BA53 /* Frameworks */ = {
			isa = PBXGroup;
			children = (
				FF7D4E3D119855500310C7BF /* Pods_Todoist_clon.framework */,
			);
			name = Frameworks;
			sourceTree = "<group>";
		};
		A2ACB45BDD05ECB7958EF6D3 /* Pods */ = {
			isa = PBXGroup;
			children = (
				322F8603D9F9F33EA33B2F78 /* Pods-Todoist_clon.debug.xcconfig */,
				5FB315710E2D93E8444BB61E /* Pods-Todoist_clon.release.xcconfig */,
			);
			path = Pods;
			sourceTree = "<group>";
		};
		D3E88FC42D60A50400E44996 = {
			isa = PBXGroup;
			children = (
				D3E88FCF2D60A50400E44996 /* Todoist_clon */,
				D3E88FE02D60A50500E44996 /* Todoist_clonTests */,
				D3E88FEA2D60A50500E44996 /* Todoist_clonUITests */,
				D3E88FCE2D60A50400E44996 /* Products */,
				A2ACB45BDD05ECB7958EF6D3 /* Pods */,
				91C32CB9A57FAE082FD1BA53 /* Frameworks */,
			);
			sourceTree = "<group>";
		};
		D3E88FCE2D60A50400E44996 /* Products */ = {
			isa = PBXGroup;
			children = (
				D3E88FCD2D60A50400E44996 /* Todoist_clon.app */,
				D3E88FDD2D60A50500E44996 /* Todoist_clonTests.xctest */,
				D3E88FE72D60A50500E44996 /* Todoist_clonUITests.xctest */,
			);
			name = Products;
			sourceTree = "<group>";
		};
/* End PBXGroup section */

/* Begin PBXNativeTarget section */
		D3E88FCC2D60A50400E44996 /* Todoist_clon */ = {
			isa = PBXNativeTarget;
			buildConfigurationList = D3E88FF12D60A50500E44996 /* Build configuration list for PBXNativeTarget "Todoist_clon" */;
			buildPhases = (
				EAA93F29796E3FAED4FB80C4 /* [CP] Check Pods Manifest.lock */,
				D3E88FC92D60A50400E44996 /* Sources */,
				D3E88FCA2D60A50400E44996 /* Frameworks */,
				D3E88FCB2D60A50400E44996 /* Resources */,
				42819E0DB4D20BAC2F158878 /* [CP] Embed Pods Frameworks */,
			);
			buildRules = (
			);
			dependencies = (
			);
			fileSystemSynchronizedGroups = (
				D3E88FCF2D60A50400E44996 /* Todoist_clon */,
			);
			name = Todoist_clon;
			productName = Todoist_clon;
			productReference = D3E88FCD2D60A50400E44996 /* Todoist_clon.app */;
			productType = "com.apple.product-type.application";
		};
		D3E88FDC2D60A50500E44996 /* Todoist_clonTests */ = {
			isa = PBXNativeTarget;
			buildConfigurationList = D3E88FF42D60A50500E44996 /* Build configuration list for PBXNativeTarget "Todoist_clonTests" */;
			buildPhases = (
				D3E88FD92D60A50500E44996 /* Sources */,
				D3E88FDA2D60A50500E44996 /* Frameworks */,
				D3E88FDB2D60A50500E44996 /* Resources */,
			);
			buildRules = (
			);
			dependencies = (
				D3E88FDF2D60A50500E44996 /* PBXTargetDependency */,
			);
			fileSystemSynchronizedGroups = (
				D3E88FE02D60A50500E44996 /* Todoist_clonTests */,
			);
			name = Todoist_clonTests;
			productName = Todoist_clonTests;
			productReference = D3E88FDD2D60A50500E44996 /* Todoist_clonTests.xctest */;
			productType = "com.apple.product-type.bundle.unit-test";
		};
		D3E88FE62D60A50500E44996 /* Todoist_clonUITests */ = {
			isa = PBXNativeTarget;
			buildConfigurationList = D3E88FF72D60A50500E44996 /* Build configuration list for PBXNativeTarget "Todoist_clonUITests" */;
			buildPhases = (
				D3E88FE32D60A50500E44996 /* Sources */,
				D3E88FE42D60A50500E44996 /* Frameworks */,
				D3E88FE52D60A50500E44996 /* Resources */,
			);
			buildRules = (
			);
			dependencies = (
				D3E88FE92D60A50500E44996 /* PBXTargetDependency */,
			);
			fileSystemSynchronizedGroups = (
				D3E88FEA2D60A50500E44996 /* Todoist_clonUITests */,
			);
			name = Todoist_clonUITests;
			productName = Todoist_clonUITests;
			productReference = D3E88FE72D60A50500E44996 /* Todoist_clonUITests.xctest */;
			productType = "com.apple.product-type.bundle.ui-testing";
		};
/* End PBXNativeTarget section */

/* Begin PBXProject section */
		D3E88FC52D60A50400E44996 /* Project object */ = {
			isa = PBXProject;
			attributes = {
				BuildIndependentTargetsInParallel = 1;
				LastSwiftUpdateCheck = 1620;
				LastUpgradeCheck = 1620;
				TargetAttributes = {
					D3E88FCC2D60A50400E44996 = {
						CreatedOnToolsVersion = 16.2;
					};
					D3E88FDC2D60A50500E44996 = {
						CreatedOnToolsVersion = 16.2;
						TestTargetID = D3E88FCC2D60A50400E44996;
					};
					D3E88FE62D60A50500E44996 = {
						CreatedOnToolsVersion = 16.2;
						TestTargetID = D3E88FCC2D60A50400E44996;
					};
				};
			};
			buildConfigurationList = D3E88FC82D60A50400E44996 /* Build configuration list for PBXProject "Todoist_clon" */;
			developmentRegion = en;
			hasScannedForEncodings = 0;
			knownRegions = (
				en,
				Base,
			);
			mainGroup = D3E88FC42D60A50400E44996;
			minimizedProjectReferenceProxies = 1;
			preferredProjectObjectVersion = 77;
			productRefGroup = D3E88FCE2D60A50400E44996 /* Products */;
			projectDirPath = "";
			projectRoot = "";
			targets = (
				D3E88FCC2D60A50400E44996 /* Todoist_clon */,
				D3E88FDC2D60A50500E44996 /* Todoist_clonTests */,
				D3E88FE62D60A50500E44996 /* Todoist_clonUITests */,
			);
		};
/* End PBXProject section */

/* Begin PBXResourcesBuildPhase section */
		D3E88FCB2D60A50400E44996 /* Resources */ = {
			isa = PBXResourcesBuildPhase;
			buildActionMask = 2147483647;
			files = (
			);
			runOnlyForDeploymentPostprocessing = 0;
		};
		D3E88FDB2D60A50500E44996 /* Resources */ = {
			isa = PBXResourcesBuildPhase;
			buildActionMask = 2147483647;
			files = (
			);
			runOnlyForDeploymentPostprocessing = 0;
		};
		D3E88FE52D60A50500E44996 /* Resources */ = {
			isa = PBXResourcesBuildPhase;
			buildActionMask = 2147483647;
			files = (
			);
			runOnlyForDeploymentPostprocessing = 0;
		};
/* End PBXResourcesBuildPhase section */

/* Begin PBXShellScriptBuildPhase section */
		42819E0DB4D20BAC2F158878 /* [CP] Embed Pods Frameworks */ = {
			isa = PBXShellScriptBuildPhase;
			buildActionMask = 2147483647;
			files = (
			);
			inputFileListPaths = (
				"${PODS_ROOT}/Target Support Files/Pods-Todoist_clon/Pods-Todoist_clon-frameworks-${CONFIGURATION}-input-files.xcfilelist",
			);
			name = "[CP] Embed Pods Frameworks";
			outputFileListPaths = (
				"${PODS_ROOT}/Target Support Files/Pods-Todoist_clon/Pods-Todoist_clon-frameworks-${CONFIGURATION}-output-files.xcfilelist",
			);
			runOnlyForDeploymentPostprocessing = 0;
			shellPath = /bin/sh;
			shellScript = "\"${PODS_ROOT}/Target Support Files/Pods-Todoist_clon/Pods-Todoist_clon-frameworks.sh\"\n";
			showEnvVarsInLog = 0;
		};
		EAA93F29796E3FAED4FB80C4 /* [CP] Check Pods Manifest.lock */ = {
			isa = PBXShellScriptBuildPhase;
			buildActionMask = 2147483647;
			files = (
			);
			inputFileListPaths = (
			);
			inputPaths = (
				"${PODS_PODFILE_DIR_PATH}/Podfile.lock",
				"${PODS_ROOT}/Manifest.lock",
			);
			name = "[CP] Check Pods Manifest.lock";
			outputFileListPaths = (
			);
			outputPaths = (
				"$(DERIVED_FILE_DIR)/Pods-Todoist_clon-checkManifestLockResult.txt",
			);
			runOnlyForDeploymentPostprocessing = 0;
			shellPath = /bin/sh;
			shellScript = "diff \"${PODS_PODFILE_DIR_PATH}/Podfile.lock\" \"${PODS_ROOT}/Manifest.lock\" > /dev/null\nif [ $? != 0 ] ; then\n    # print error to STDERR\n    echo \"error: The sandbox is not in sync with the Podfile.lock. Run 'pod install' or update your CocoaPods installation.\" >&2\n    exit 1\nfi\n# This output is used by Xcode 'outputs' to avoid re-running this script phase.\necho \"SUCCESS\" > \"${SCRIPT_OUTPUT_FILE_0}\"\n";
			showEnvVarsInLog = 0;
		};
/* End PBXShellScriptBuildPhase section */

/* Begin PBXSourcesBuildPhase section */
		D3E88FC92D60A50400E44996 /* Sources */ = {
			isa = PBXSourcesBuildPhase;
			buildActionMask = 2147483647;
			files = (
			);
			runOnlyForDeploymentPostprocessing = 0;
		};
		D3E88FD92D60A50500E44996 /* Sources */ = {
			isa = PBXSourcesBuildPhase;
			buildActionMask = 2147483647;
			files = (
			);
			runOnlyForDeploymentPostprocessing = 0;
		};
		D3E88FE32D60A50500E44996 /* Sources */ = {
			isa = PBXSourcesBuildPhase;
			buildActionMask = 2147483647;
			files = (
			);
			runOnlyForDeploymentPostprocessing = 0;
		};
/* End PBXSourcesBuildPhase section */

/* Begin PBXTargetDependency section */
		D3E88FDF2D60A50500E44996 /* PBXTargetDependency */ = {
			isa = PBXTargetDependency;
			target = D3E88FCC2D60A50400E44996 /* Todoist_clon */;
			targetProxy = D3E88FDE2D60A50500E44996 /* PBXContainerItemProxy */;
		};
		D3E88FE92D60A50500E44996 /* PBXTargetDependency */ = {
			isa = PBXTargetDependency;
			target = D3E88FCC2D60A50400E44996 /* Todoist_clon */;
			targetProxy = D3E88FE82D60A50500E44996 /* PBXContainerItemProxy */;
		};
/* End PBXTargetDependency section */

/* Begin XCBuildConfiguration section */
		D3E88FEF2D60A50500E44996 /* Debug */ = {
			isa = XCBuildConfiguration;
			buildSettings = {
				ALWAYS_SEARCH_USER_PATHS = NO;
				ASSETCATALOG_COMPILER_GENERATE_SWIFT_ASSET_SYMBOL_EXTENSIONS = YES;
				CLANG_ANALYZER_NONNULL = YES;
				CLANG_ANALYZER_NUMBER_OBJECT_CONVERSION = YES_AGGRESSIVE;
				CLANG_CXX_LANGUAGE_STANDARD = "gnu++20";
				CLANG_ENABLE_MODULES = YES;
				CLANG_ENABLE_OBJC_ARC = YES;
				CLANG_ENABLE_OBJC_WEAK = YES;
				CLANG_WARN_BLOCK_CAPTURE_AUTORELEASING = YES;
				CLANG_WARN_BOOL_CONVERSION = YES;
				CLANG_WARN_COMMA = YES;
				CLANG_WARN_CONSTANT_CONVERSION = YES;
				CLANG_WARN_DEPRECATED_OBJC_IMPLEMENTATIONS = YES;
				CLANG_WARN_DIRECT_OBJC_ISA_USAGE = YES_ERROR;
				CLANG_WARN_DOCUMENTATION_COMMENTS = YES;
				CLANG_WARN_EMPTY_BODY = YES;
				CLANG_WARN_ENUM_CONVERSION = YES;
				CLANG_WARN_INFINITE_RECURSION = YES;
				CLANG_WARN_INT_CONVERSION = YES;
				CLANG_WARN_NON_LITERAL_NULL_CONVERSION = YES;
				CLANG_WARN_OBJC_IMPLICIT_RETAIN_SELF = YES;
				CLANG_WARN_OBJC_LITERAL_CONVERSION = YES;
				CLANG_WARN_OBJC_ROOT_CLASS = YES_ERROR;
				CLANG_WARN_QUOTED_INCLUDE_IN_FRAMEWORK_HEADER = YES;
				CLANG_WARN_RANGE_LOOP_ANALYSIS = YES;
				CLANG_WARN_STRICT_PROTOTYPES = YES;
				CLANG_WARN_SUSPICIOUS_MOVE = YES;
				CLANG_WARN_UNGUARDED_AVAILABILITY = YES_AGGRESSIVE;
				CLANG_WARN_UNREACHABLE_CODE = YES;
				CLANG_WARN__DUPLICATE_METHOD_MATCH = YES;
				COPY_PHASE_STRIP = NO;
				DEBUG_INFORMATION_FORMAT = dwarf;
				ENABLE_STRICT_OBJC_MSGSEND = YES;
				ENABLE_TESTABILITY = YES;
				ENABLE_USER_SCRIPT_SANDBOXING = YES;
				GCC_C_LANGUAGE_STANDARD = gnu17;
				GCC_DYNAMIC_NO_PIC = NO;
				GCC_NO_COMMON_BLOCKS = YES;
				GCC_OPTIMIZATION_LEVEL = 0;
				GCC_PREPROCESSOR_DEFINITIONS = (
					"DEBUG=1",
					"$(inherited)",
				);
				GCC_WARN_64_TO_32_BIT_CONVERSION = YES;
				GCC_WARN_ABOUT_RETURN_TYPE = YES_ERROR;
				GCC_WARN_UNDECLARED_SELECTOR = YES;
				GCC_WARN_UNINITIALIZED_AUTOS = YES_AGGRESSIVE;
				GCC_WARN_UNUSED_FUNCTION = YES;
				GCC_WARN_UNUSED_VARIABLE = YES;
				IPHONEOS_DEPLOYMENT_TARGET = 18.2;
				LOCALIZATION_PREFERS_STRING_CATALOGS = YES;
				MTL_ENABLE_DEBUG_INFO = INCLUDE_SOURCE;
				MTL_FAST_MATH = YES;
				ONLY_ACTIVE_ARCH = YES;
				SDKROOT = iphoneos;
				SWIFT_ACTIVE_COMPILATION_CONDITIONS = "DEBUG $(inherited)";
				SWIFT_OPTIMIZATION_LEVEL = "-Onone";
			};
			name = Debug;
		};
		D3E88FF02D60A50500E44996 /* Release */ = {
			isa = XCBuildConfiguration;
			buildSettings = {
				ALWAYS_SEARCH_USER_PATHS = NO;
				ASSETCATALOG_COMPILER_GENERATE_SWIFT_ASSET_SYMBOL_EXTENSIONS = YES;
				CLANG_ANALYZER_NONNULL = YES;
				CLANG_ANALYZER_NUMBER_OBJECT_CONVERSION = YES_AGGRESSIVE;
				CLANG_CXX_LANGUAGE_STANDARD = "gnu++20";
				CLANG_ENABLE_MODULES = YES;
				CLANG_ENABLE_OBJC_ARC = YES;
				CLANG_ENABLE_OBJC_WEAK = YES;
				CLANG_WARN_BLOCK_CAPTURE_AUTORELEASING = YES;
				CLANG_WARN_BOOL_CONVERSION = YES;
				CLANG_WARN_COMMA = YES;
				CLANG_WARN_CONSTANT_CONVERSION = YES;
				CLANG_WARN_DEPRECATED_OBJC_IMPLEMENTATIONS = YES;
				CLANG_WARN_DIRECT_OBJC_ISA_USAGE = YES_ERROR;
				CLANG_WARN_DOCUMENTATION_COMMENTS = YES;
				CLANG_WARN_EMPTY_BODY = YES;
				CLANG_WARN_ENUM_CONVERSION = YES;
				CLANG_WARN_INFINITE_RECURSION = YES;
				CLANG_WARN_INT_CONVERSION = YES;
				CLANG_WARN_NON_LITERAL_NULL_CONVERSION = YES;
				CLANG_WARN_OBJC_IMPLICIT_RETAIN_SELF = YES;
				CLANG_WARN_OBJC_LITERAL_CONVERSION = YES;
				CLANG_WARN_OBJC_ROOT_CLASS = YES_ERROR;
				CLANG_WARN_QUOTED_INCLUDE_IN_FRAMEWORK_HEADER = YES;
				CLANG_WARN_RANGE_LOOP_ANALYSIS = YES;
				CLANG_WARN_STRICT_PROTOTYPES = YES;
				CLANG_WARN_SUSPICIOUS_MOVE = YES;
				CLANG_WARN_UNGUARDED_AVAILABILITY = YES_AGGRESSIVE;
				CLANG_WARN_UNREACHABLE_CODE = YES;
				CLANG_WARN__DUPLICATE_METHOD_MATCH = YES;
				COPY_PHASE_STRIP = NO;
				DEBUG_INFORMATION_FORMAT = "dwarf-with-dsym";
				ENABLE_NS_ASSERTIONS = NO;
				ENABLE_STRICT_OBJC_MSGSEND = YES;
				ENABLE_USER_SCRIPT_SANDBOXING = YES;
				GCC_C_LANGUAGE_STANDARD = gnu17;
				GCC_NO_COMMON_BLOCKS = YES;
				GCC_WARN_64_TO_32_BIT_CONVERSION = YES;
				GCC_WARN_ABOUT_RETURN_TYPE = YES_ERROR;
				GCC_WARN_UNDECLARED_SELECTOR = YES;
				GCC_WARN_UNINITIALIZED_AUTOS = YES_AGGRESSIVE;
				GCC_WARN_UNUSED_FUNCTION = YES;
				GCC_WARN_UNUSED_VARIABLE = YES;
				IPHONEOS_DEPLOYMENT_TARGET = 18.2;
				LOCALIZATION_PREFERS_STRING_CATALOGS = YES;
				MTL_ENABLE_DEBUG_INFO = NO;
				MTL_FAST_MATH = YES;
				SDKROOT = iphoneos;
				SWIFT_COMPILATION_MODE = wholemodule;
				VALIDATE_PRODUCT = YES;
			};
			name = Release;
		};
		D3E88FF22D60A50500E44996 /* Debug */ = {
			isa = XCBuildConfiguration;
			baseConfigurationReference = 322F8603D9F9F33EA33B2F78 /* Pods-Todoist_clon.debug.xcconfig */;
			buildSettings = {
				ASSETCATALOG_COMPILER_APPICON_NAME = AppIcon;
				ASSETCATALOG_COMPILER_GLOBAL_ACCENT_COLOR_NAME = AccentColor;
				CODE_SIGN_STYLE = Automatic;
				CURRENT_PROJECT_VERSION = 1;
				DEVELOPMENT_ASSET_PATHS = "\"Todoist_clon/Preview Content\"";
				ENABLE_PREVIEWS = YES;
				ENABLE_USER_SCRIPT_SANDBOXING = NO;
				GENERATE_INFOPLIST_FILE = YES;
				INFOPLIST_FILE = "Todoist-clon-Info.plist";
				INFOPLIST_KEY_UIApplicationSceneManifest_Generation = YES;
				INFOPLIST_KEY_UIApplicationSupportsIndirectInputEvents = YES;
				INFOPLIST_KEY_UILaunchScreen_Generation = YES;
				INFOPLIST_KEY_UISupportedInterfaceOrientations_iPad = "UIInterfaceOrientationPortrait UIInterfaceOrientationPortraitUpsideDown UIInterfaceOrientationLandscapeLeft UIInterfaceOrientationLandscapeRight";
				INFOPLIST_KEY_UISupportedInterfaceOrientations_iPhone = "UIInterfaceOrientationPortrait UIInterfaceOrientationLandscapeLeft UIInterfaceOrientationLandscapeRight";
				IPHONEOS_DEPLOYMENT_TARGET = 17.0;
				LD_RUNPATH_SEARCH_PATHS = (
					"$(inherited)",
					"@executable_path/Frameworks",
				);
				MARKETING_VERSION = 1.0;
				PRODUCT_BUNDLE_IDENTIFIER = "com.eastroot.Todoist-clon";
				PRODUCT_NAME = "$(TARGET_NAME)";
				SWIFT_EMIT_LOC_STRINGS = YES;
				SWIFT_VERSION = 5.0;
				TARGETED_DEVICE_FAMILY = "1,2";
			};
			name = Debug;
		};
		D3E88FF32D60A50500E44996 /* Release */ = {
			isa = XCBuildConfiguration;
			baseConfigurationReference = 5FB315710E2D93E8444BB61E /* Pods-Todoist_clon.release.xcconfig */;
			buildSettings = {
				ASSETCATALOG_COMPILER_APPICON_NAME = AppIcon;
				ASSETCATALOG_COMPILER_GLOBAL_ACCENT_COLOR_NAME = AccentColor;
				CODE_SIGN_STYLE = Automatic;
				CURRENT_PROJECT_VERSION = 1;
				DEVELOPMENT_ASSET_PATHS = "\"Todoist_clon/Preview Content\"";
				ENABLE_PREVIEWS = YES;
				ENABLE_USER_SCRIPT_SANDBOXING = NO;
				GENERATE_INFOPLIST_FILE = YES;
				INFOPLIST_FILE = "Todoist-clon-Info.plist";
				INFOPLIST_KEY_UIApplicationSceneManifest_Generation = YES;
				INFOPLIST_KEY_UIApplicationSupportsIndirectInputEvents = YES;
				INFOPLIST_KEY_UILaunchScreen_Generation = YES;
				INFOPLIST_KEY_UISupportedInterfaceOrientations_iPad = "UIInterfaceOrientationPortrait UIInterfaceOrientationPortraitUpsideDown UIInterfaceOrientationLandscapeLeft UIInterfaceOrientationLandscapeRight";
				INFOPLIST_KEY_UISupportedInterfaceOrientations_iPhone = "UIInterfaceOrientationPortrait UIInterfaceOrientationLandscapeLeft UIInterfaceOrientationLandscapeRight";
				IPHONEOS_DEPLOYMENT_TARGET = 17.0;
				LD_RUNPATH_SEARCH_PATHS = (
					"$(inherited)",
					"@executable_path/Frameworks",
				);
				MARKETING_VERSION = 1.0;
				PRODUCT_BUNDLE_IDENTIFIER = "com.eastroot.Todoist-clon";
				PRODUCT_NAME = "$(TARGET_NAME)";
				SWIFT_EMIT_LOC_STRINGS = YES;
				SWIFT_VERSION = 5.0;
				TARGETED_DEVICE_FAMILY = "1,2";
			};
			name = Release;
		};
		D3E88FF52D60A50500E44996 /* Debug */ = {
			isa = XCBuildConfiguration;
			buildSettings = {
				BUNDLE_LOADER = "$(TEST_HOST)";
				CODE_SIGN_STYLE = Automatic;
				CURRENT_PROJECT_VERSION = 1;
				GENERATE_INFOPLIST_FILE = YES;
				IPHONEOS_DEPLOYMENT_TARGET = 18.2;
				MARKETING_VERSION = 1.0;
				PRODUCT_BUNDLE_IDENTIFIER = "com.eastroot.Todoist-clonTests";
				PRODUCT_NAME = "$(TARGET_NAME)";
				SWIFT_EMIT_LOC_STRINGS = NO;
				SWIFT_VERSION = 5.0;
				TARGETED_DEVICE_FAMILY = "1,2";
				TEST_HOST = "$(BUILT_PRODUCTS_DIR)/Todoist_clon.app/$(BUNDLE_EXECUTABLE_FOLDER_PATH)/Todoist_clon";
			};
			name = Debug;
		};
		D3E88FF62D60A50500E44996 /* Release */ = {
			isa = XCBuildConfiguration;
			buildSettings = {
				BUNDLE_LOADER = "$(TEST_HOST)";
				CODE_SIGN_STYLE = Automatic;
				CURRENT_PROJECT_VERSION = 1;
				GENERATE_INFOPLIST_FILE = YES;
				IPHONEOS_DEPLOYMENT_TARGET = 18.2;
				MARKETING_VERSION = 1.0;
				PRODUCT_BUNDLE_IDENTIFIER = "com.eastroot.Todoist-clonTests";
				PRODUCT_NAME = "$(TARGET_NAME)";
				SWIFT_EMIT_LOC_STRINGS = NO;
				SWIFT_VERSION = 5.0;
				TARGETED_DEVICE_FAMILY = "1,2";
				TEST_HOST = "$(BUILT_PRODUCTS_DIR)/Todoist_clon.app/$(BUNDLE_EXECUTABLE_FOLDER_PATH)/Todoist_clon";
			};
			name = Release;
		};
		D3E88FF82D60A50500E44996 /* Debug */ = {
			isa = XCBuildConfiguration;
			buildSettings = {
				CODE_SIGN_STYLE = Automatic;
				CURRENT_PROJECT_VERSION = 1;
				GENERATE_INFOPLIST_FILE = YES;
				MARKETING_VERSION = 1.0;
				PRODUCT_BUNDLE_IDENTIFIER = "com.eastroot.Todoist-clonUITests";
				PRODUCT_NAME = "$(TARGET_NAME)";
				SWIFT_EMIT_LOC_STRINGS = NO;
				SWIFT_VERSION = 5.0;
				TARGETED_DEVICE_FAMILY = "1,2";
				TEST_TARGET_NAME = Todoist_clon;
			};
			name = Debug;
		};
		D3E88FF92D60A50500E44996 /* Release */ = {
			isa = XCBuildConfiguration;
			buildSettings = {
				CODE_SIGN_STYLE = Automatic;
				CURRENT_PROJECT_VERSION = 1;
				GENERATE_INFOPLIST_FILE = YES;
				MARKETING_VERSION = 1.0;
				PRODUCT_BUNDLE_IDENTIFIER = "com.eastroot.Todoist-clonUITests";
				PRODUCT_NAME = "$(TARGET_NAME)";
				SWIFT_EMIT_LOC_STRINGS = NO;
				SWIFT_VERSION = 5.0;
				TARGETED_DEVICE_FAMILY = "1,2";
				TEST_TARGET_NAME = Todoist_clon;
			};
			name = Release;
		};
/* End XCBuildConfiguration section */

/* Begin XCConfigurationList section */
		D3E88FC82D60A50400E44996 /* Build configuration list for PBXProject "Todoist_clon" */ = {
			isa = XCConfigurationList;
			buildConfigurations = (
				D3E88FEF2D60A50500E44996 /* Debug */,
				D3E88FF02D60A50500E44996 /* Release */,
			);
			defaultConfigurationIsVisible = 0;
			defaultConfigurationName = Release;
		};
		D3E88FF12D60A50500E44996 /* Build configuration list for PBXNativeTarget "Todoist_clon" */ = {
			isa = XCConfigurationList;
			buildConfigurations = (
				D3E88FF22D60A50500E44996 /* Debug */,
				D3E88FF32D60A50500E44996 /* Release */,
			);
			defaultConfigurationIsVisible = 0;
			defaultConfigurationName = Release;
		};
		D3E88FF42D60A50500E44996 /* Build configuration list for PBXNativeTarget "Todoist_clonTests" */ = {
			isa = XCConfigurationList;
			buildConfigurations = (
				D3E88FF52D60A50500E44996 /* Debug */,
				D3E88FF62D60A50500E44996 /* Release */,
			);
			defaultConfigurationIsVisible = 0;
			defaultConfigurationName = Release;
		};
		D3E88FF72D60A50500E44996 /* Build configuration list for PBXNativeTarget "Todoist_clonUITests" */ = {
			isa = XCConfigurationList;
			buildConfigurations = (
				D3E88FF82D60A50500E44996 /* Debug */,
				D3E88FF92D60A50500E44996 /* Release */,
			);
			defaultConfigurationIsVisible = 0;
			defaultConfigurationName = Release;
		};
/* End XCConfigurationList section */
	};
	rootObject = D3E88FC52D60A50400E44996 /* Project object */;
}
